
Microsoft Visual Studio Solution File, Format Version 12.00
# Visual Studio Version 17
VisualStudioVersion = 17.1.32421.90
MinimumVisualStudioVersion = 10.0.40219.1
Project("{FAE04EC0-301F-11D3-BF4B-00C04F79EFBC}") = "eCommerce.API", "eCommerce.API\eCommerce.API.csproj", "{5AA63F4F-2393-4F5F-BB8E-1C841EB77F06}"
EndProject
Global
	GlobalSection(SolutionConfigurationPlatforms) = preSolution
		Debug|Any CPU = Debug|Any CPU
		Release|Any CPU = Release|Any CPU
	EndGlobalSection
	GlobalSection(ProjectConfigurationPlatforms) = postSolution
		{5AA63F4F-2393-4F5F-BB8E-1C841EB77F06}.Debug|Any CPU.ActiveCfg = Debug|Any CPU
		{5AA63F4F-2393-4F5F-BB8E-1C841EB77F06}.Debug|Any CPU.Build.0 = Debug|Any CPU
		{5AA63F4F-2393-4F5F-BB8E-1C841EB77F06}.Release|Any CPU.ActiveCfg = Release|Any CPU
		{5AA63F4F-2393-4F5F-BB8E-1C841EB77F06}.Release|Any CPU.Build.0 = Release|Any CPU
	EndGlobalSection
	GlobalSection(SolutionProperties) = preSolution
		HideSolutionNode = FALSE
	EndGlobalSection
	GlobalSection(ExtensibilityGlobals) = postSolution
		SolutionGuid = {B1BF7A24-FB59-4307-97C7-6A597FF73C62}
	EndGlobalSection
EndGlobal
