
Microsoft Visual Studio Solution File, Format Version 12.00
# Visual Studio Version 17
VisualStudioVersion = 17.1.32421.90
MinimumVisualStudioVersion = 10.0.40219.1
Project("{9A19103F-16F7-4668-BE54-9A1E7A4F7556}") = "Library.Standard.eCommerce", "Library.Standard.eCommerce\Library.Standard.eCommerce.csproj", "{853AC38C-B71B-4137-B47C-9935C0480835}"
EndProject
Project("{FAE04EC0-301F-11D3-BF4B-00C04F79EFBC}") = "eCommerce.UWP", "eCommerce.UWP\eCommerce.UWP.csproj", "{626931CD-4B75-47ED-AC78-23BECFDF3F2A}"
EndProject
Project("{9A19103F-16F7-4668-BE54-9A1E7A4F7556}") = "eCommerce.API", "eCommerce.API\eCommerce.API.csproj", "{24888798-47BC-46FE-B0C6-01FED6A19462}"
EndProject
Global
	GlobalSection(SolutionConfigurationPlatforms) = preSolution
		Debug|Any CPU = Debug|Any CPU
		Debug|ARM = Debug|ARM
		Debug|ARM64 = Debug|ARM64
		Debug|x64 = Debug|x64
		Debug|x86 = Debug|x86
		Release|Any CPU = Release|Any CPU
		Release|ARM = Release|ARM
		Release|ARM64 = Release|ARM64
		Release|x64 = Release|x64
		Release|x86 = Release|x86
	EndGlobalSection
	GlobalSection(ProjectConfigurationPlatforms) = postSolution
		{853AC38C-B71B-4137-B47C-9935C0480835}.Debug|Any CPU.ActiveCfg = Debug|Any CPU
		{853AC38C-B71B-4137-B47C-9935C0480835}.Debug|Any CPU.Build.0 = Debug|Any CPU
		{853AC38C-B71B-4137-B47C-9935C0480835}.Debug|ARM.ActiveCfg = Debug|Any CPU
		{853AC38C-B71B-4137-B47C-9935C0480835}.Debug|ARM.Build.0 = Debug|Any CPU
		{853AC38C-B71B-4137-B47C-9935C0480835}.Debug|ARM64.ActiveCfg = Debug|Any CPU
		{853AC38C-B71B-4137-B47C-9935C0480835}.Debug|ARM64.Build.0 = Debug|Any CPU
		{853AC38C-B71B-4137-B47C-9935C0480835}.Debug|x64.ActiveCfg = Debug|Any CPU
		{853AC38C-B71B-4137-B47C-9935C0480835}.Debug|x64.Build.0 = Debug|Any CPU
		{853AC38C-B71B-4137-B47C-9935C0480835}.Debug|x86.ActiveCfg = Debug|Any CPU
		{853AC38C-B71B-4137-B47C-9935C0480835}.Debug|x86.Build.0 = Debug|Any CPU
		{853AC38C-B71B-4137-B47C-9935C0480835}.Release|Any CPU.ActiveCfg = Release|Any CPU
		{853AC38C-B71B-4137-B47C-9935C0480835}.Release|Any CPU.Build.0 = Release|Any CPU
		{853AC38C-B71B-4137-B47C-9935C0480835}.Release|ARM.ActiveCfg = Release|Any CPU
		{853AC38C-B71B-4137-B47C-9935C0480835}.Release|ARM.Build.0 = Release|Any CPU
		{853AC38C-B71B-4137-B47C-9935C0480835}.Release|ARM64.ActiveCfg = Release|Any CPU
		{853AC38C-B71B-4137-B47C-9935C0480835}.Release|ARM64.Build.0 = Release|Any CPU
		{853AC38C-B71B-4137-B47C-9935C0480835}.Release|x64.ActiveCfg = Release|Any CPU
		{853AC38C-B71B-4137-B47C-9935C0480835}.Release|x64.Build.0 = Release|Any CPU
		{853AC38C-B71B-4137-B47C-9935C0480835}.Release|x86.ActiveCfg = Release|Any CPU
		{853AC38C-B71B-4137-B47C-9935C0480835}.Release|x86.Build.0 = Release|Any CPU
		{626931CD-4B75-47ED-AC78-23BECFDF3F2A}.Debug|Any CPU.ActiveCfg = Debug|x86
		{626931CD-4B75-47ED-AC78-23BECFDF3F2A}.Debug|Any CPU.Build.0 = Debug|x86
		{626931CD-4B75-47ED-AC78-23BECFDF3F2A}.Debug|Any CPU.Deploy.0 = Debug|x86
		{626931CD-4B75-47ED-AC78-23BECFDF3F2A}.Debug|ARM.ActiveCfg = Debug|ARM
		{626931CD-4B75-47ED-AC78-23BECFDF3F2A}.Debug|ARM.Build.0 = Debug|ARM
		{626931CD-4B75-47ED-AC78-23BECFDF3F2A}.Debug|ARM.Deploy.0 = Debug|ARM
		{626931CD-4B75-47ED-AC78-23BECFDF3F2A}.Debug|ARM64.ActiveCfg = Debug|ARM64
		{626931CD-4B75-47ED-AC78-23BECFDF3F2A}.Debug|ARM64.Build.0 = Debug|ARM64
		{626931CD-4B75-47ED-AC78-23BECFDF3F2A}.Debug|ARM64.Deploy.0 = Debug|ARM64
		{626931CD-4B75-47ED-AC78-23BECFDF3F2A}.Debug|x64.ActiveCfg = Debug|x64
		{626931CD-4B75-47ED-AC78-23BECFDF3F2A}.Debug|x64.Build.0 = Debug|x64
		{626931CD-4B75-47ED-AC78-23BECFDF3F2A}.Debug|x64.Deploy.0 = Debug|x64
		{626931CD-4B75-47ED-AC78-23BECFDF3F2A}.Debug|x86.ActiveCfg = Debug|x86
		{626931CD-4B75-47ED-AC78-23BECFDF3F2A}.Debug|x86.Build.0 = Debug|x86
		{626931CD-4B75-47ED-AC78-23BECFDF3F2A}.Debug|x86.Deploy.0 = Debug|x86
		{626931CD-4B75-47ED-AC78-23BECFDF3F2A}.Release|Any CPU.ActiveCfg = Release|x64
		{626931CD-4B75-47ED-AC78-23BECFDF3F2A}.Release|Any CPU.Build.0 = Release|x64
		{626931CD-4B75-47ED-AC78-23BECFDF3F2A}.Release|Any CPU.Deploy.0 = Release|x64
		{626931CD-4B75-47ED-AC78-23BECFDF3F2A}.Release|ARM.ActiveCfg = Release|ARM
		{626931CD-4B75-47ED-AC78-23BECFDF3F2A}.Release|ARM.Build.0 = Release|ARM
		{626931CD-4B75-47ED-AC78-23BECFDF3F2A}.Release|ARM.Deploy.0 = Release|ARM
		{626931CD-4B75-47ED-AC78-23BECFDF3F2A}.Release|ARM64.ActiveCfg = Release|ARM64
		{626931CD-4B75-47ED-AC78-23BECFDF3F2A}.Release|ARM64.Build.0 = Release|ARM64
		{626931CD-4B75-47ED-AC78-23BECFDF3F2A}.Release|ARM64.Deploy.0 = Release|ARM64
		{626931CD-4B75-47ED-AC78-23BECFDF3F2A}.Release|x64.ActiveCfg = Release|x64
		{626931CD-4B75-47ED-AC78-23BECFDF3F2A}.Release|x64.Build.0 = Release|x64
		{626931CD-4B75-47ED-AC78-23BECFDF3F2A}.Release|x64.Deploy.0 = Release|x64
		{626931CD-4B75-47ED-AC78-23BECFDF3F2A}.Release|x86.ActiveCfg = Release|x86
		{626931CD-4B75-47ED-AC78-23BECFDF3F2A}.Release|x86.Build.0 = Release|x86
		{626931CD-4B75-47ED-AC78-23BECFDF3F2A}.Release|x86.Deploy.0 = Release|x86
		{24888798-47BC-46FE-B0C6-01FED6A19462}.Debug|Any CPU.ActiveCfg = Debug|Any CPU
		{24888798-47BC-46FE-B0C6-01FED6A19462}.Debug|Any CPU.Build.0 = Debug|Any CPU
		{24888798-47BC-46FE-B0C6-01FED6A19462}.Debug|ARM.ActiveCfg = Debug|Any CPU
		{24888798-47BC-46FE-B0C6-01FED6A19462}.Debug|ARM.Build.0 = Debug|Any CPU
		{24888798-47BC-46FE-B0C6-01FED6A19462}.Debug|ARM64.ActiveCfg = Debug|Any CPU
		{24888798-47BC-46FE-B0C6-01FED6A19462}.Debug|ARM64.Build.0 = Debug|Any CPU
		{24888798-47BC-46FE-B0C6-01FED6A19462}.Debug|x64.ActiveCfg = Debug|Any CPU
		{24888798-47BC-46FE-B0C6-01FED6A19462}.Debug|x64.Build.0 = Debug|Any CPU
		{24888798-47BC-46FE-B0C6-01FED6A19462}.Debug|x86.ActiveCfg = Debug|Any CPU
		{24888798-47BC-46FE-B0C6-01FED6A19462}.Debug|x86.Build.0 = Debug|Any CPU
		{24888798-47BC-46FE-B0C6-01FED6A19462}.Release|Any CPU.ActiveCfg = Release|Any CPU
		{24888798-47BC-46FE-B0C6-01FED6A19462}.Release|Any CPU.Build.0 = Release|Any CPU
		{24888798-47BC-46FE-B0C6-01FED6A19462}.Release|ARM.ActiveCfg = Release|Any CPU
		{24888798-47BC-46FE-B0C6-01FED6A19462}.Release|ARM.Build.0 = Release|Any CPU
		{24888798-47BC-46FE-B0C6-01FED6A19462}.Release|ARM64.ActiveCfg = Release|Any CPU
		{24888798-47BC-46FE-B0C6-01FED6A19462}.Release|ARM64.Build.0 = Release|Any CPU
		{24888798-47BC-46FE-B0C6-01FED6A19462}.Release|x64.ActiveCfg = Release|Any CPU
		{24888798-47BC-46FE-B0C6-01FED6A19462}.Release|x64.Build.0 = Release|Any CPU
		{24888798-47BC-46FE-B0C6-01FED6A19462}.Release|x86.ActiveCfg = Release|Any CPU
		{24888798-47BC-46FE-B0C6-01FED6A19462}.Release|x86.Build.0 = Release|Any CPU
	EndGlobalSection
	GlobalSection(SolutionProperties) = preSolution
		HideSolutionNode = FALSE
	EndGlobalSection
	GlobalSection(ExtensibilityGlobals) = postSolution
		SolutionGuid = {F2012F97-9D9B-44DE-9173-A2C6B045C186}
	EndGlobalSection
EndGlobal
